
Microsoft Visual Studio Solution File, Format Version 12.00
# Visual Studio 14
VisualStudioVersion = 14.0.25420.1
MinimumVisualStudioVersion = 10.0.40219.1
Project("{FAE04EC0-301F-11D3-BF4B-00C04F79EFBC}") = "ValidationService", "ValidationService\ValidationService.csproj", "{B0AED216-EA57-449C-950A-E432B85B105A}"
EndProject
Project("{FAE04EC0-301F-11D3-BF4B-00C04F79EFBC}") = "ValidationService.Tests", "ValidationService.Tests\ValidationService.Tests.csproj", "{20E760C6-963A-43DB-AB67-4DBEB21221FB}"
EndProject
Project("{FAE04EC0-301F-11D3-BF4B-00C04F79EFBC}") = "ValidationService.Business", "ValidationService.Business\ValidationService.Business.csproj", "{65185300-74B9-4907-B2DD-1CD4318516FD}"
EndProject
Global
	GlobalSection(SolutionConfigurationPlatforms) = preSolution
		Debug|Any CPU = Debug|Any CPU
		Release|Any CPU = Release|Any CPU
	EndGlobalSection
	GlobalSection(ProjectConfigurationPlatforms) = postSolution
		{B0AED216-EA57-449C-950A-E432B85B105A}.Debug|Any CPU.ActiveCfg = Debug|Any CPU
		{B0AED216-EA57-449C-950A-E432B85B105A}.Debug|Any CPU.Build.0 = Debug|Any CPU
		{B0AED216-EA57-449C-950A-E432B85B105A}.Release|Any CPU.ActiveCfg = Release|Any CPU
		{B0AED216-EA57-449C-950A-E432B85B105A}.Release|Any CPU.Build.0 = Release|Any CPU
		{20E760C6-963A-43DB-AB67-4DBEB21221FB}.Debug|Any CPU.ActiveCfg = Debug|Any CPU
		{20E760C6-963A-43DB-AB67-4DBEB21221FB}.Debug|Any CPU.Build.0 = Debug|Any CPU
		{20E760C6-963A-43DB-AB67-4DBEB21221FB}.Release|Any CPU.ActiveCfg = Release|Any CPU
		{20E760C6-963A-43DB-AB67-4DBEB21221FB}.Release|Any CPU.Build.0 = Release|Any CPU
		{65185300-74B9-4907-B2DD-1CD4318516FD}.Debug|Any CPU.ActiveCfg = Debug|Any CPU
		{65185300-74B9-4907-B2DD-1CD4318516FD}.Debug|Any CPU.Build.0 = Debug|Any CPU
		{65185300-74B9-4907-B2DD-1CD4318516FD}.Release|Any CPU.ActiveCfg = Release|Any CPU
		{65185300-74B9-4907-B2DD-1CD4318516FD}.Release|Any CPU.Build.0 = Release|Any CPU
	EndGlobalSection
	GlobalSection(SolutionProperties) = preSolution
		HideSolutionNode = FALSE
	EndGlobalSection
EndGlobal
